
Microsoft Visual Studio Solution File, Format Version 12.00
# Visual Studio Version 16
VisualStudioVersion = 25.0.1706.5
MinimumVisualStudioVersion = 10.0.40219.1
Project("{FAE04EC0-301F-11D3-BF4B-00C04F79EFBC}") = "LemonadeStand", "LemonadeStand.csproj", "{43432EEA-C880-4BEC-A155-0F5C8E7CC7FB}"
EndProject
Global
	GlobalSection(SolutionConfigurationPlatforms) = preSolution
		Debug|Any CPU = Debug|Any CPU
		Release|Any CPU = Release|Any CPU
	EndGlobalSection
	GlobalSection(ProjectConfigurationPlatforms) = postSolution
		{43432EEA-C880-4BEC-A155-0F5C8E7CC7FB}.Debug|Any CPU.ActiveCfg = Debug|Any CPU
		{43432EEA-C880-4BEC-A155-0F5C8E7CC7FB}.Debug|Any CPU.Build.0 = Debug|Any CPU
		{43432EEA-C880-4BEC-A155-0F5C8E7CC7FB}.Release|Any CPU.ActiveCfg = Release|Any CPU
		{43432EEA-C880-4BEC-A155-0F5C8E7CC7FB}.Release|Any CPU.Build.0 = Release|Any CPU
	EndGlobalSection
	GlobalSection(SolutionProperties) = preSolution
		HideSolutionNode = FALSE
	EndGlobalSection
	GlobalSection(ExtensibilityGlobals) = postSolution
		SolutionGuid = {5AA673A1-ECC4-422D-815F-B6D22BF2F362}
	EndGlobalSection
EndGlobal
